Microsoft Visual Studio Solution File, Format Version 12.00
# Visual Studio Version 17
VisualStudioVersion = 17.5.2.0
MinimumVisualStudioVersion = 10.0.40219.1
Project("{FAE04EC0-301F-11D3-BF4B-00C04F79EFBC}") = "TeamTasker.API", "TeamTasker.API.csproj", "{DA440B21-0A2D-0442-2052-065E16321613}"
EndProject
Global
	GlobalSection(SolutionConfigurationPlatforms) = preSolution
		Debug|Any CPU = Debug|Any CPU
		Release|Any CPU = Release|Any CPU
	EndGlobalSection
	GlobalSection(ProjectConfigurationPlatforms) = postSolution
		{DA440B21-0A2D-0442-2052-065E16321613}.Debug|Any CPU.ActiveCfg = Debug|Any CPU
		{DA440B21-0A2D-0442-2052-065E16321613}.Debug|Any CPU.Build.0 = Debug|Any CPU
		{DA440B21-0A2D-0442-2052-065E16321613}.Release|Any CPU.ActiveCfg = Release|Any CPU
		{DA440B21-0A2D-0442-2052-065E16321613}.Release|Any CPU.Build.0 = Release|Any CPU
	EndGlobalSection
	GlobalSection(SolutionProperties) = preSolution
		HideSolutionNode = FALSE
	EndGlobalSection
	GlobalSection(ExtensibilityGlobals) = postSolution
		SolutionGuid = {4345D55A-DEE1-4CC3-A19E-390D3BDA8282}
	EndGlobalSection
EndGlobal
